# THIS IS AN AUTOGENERATED FILE. DO NOT EDIT THIS FILE DIRECTLY.
# yarn lockfile v1


plausible-tracker@^0.3.1:
  version "0.3.1"
  resolved "https://registry.yarnpkg.com/plausible-tracker/-/plausible-tracker-0.3.1.tgz#dd4e1f59cafc7bf1b00e30890567287b3f204efd"
  integrity sha512-oXnVyfTF2gzkfK3iOZCRZEnf8sH4gBASaJhY+clwWW1orIybfQpfbgg4U5Bwj5dW/4iNstM4tx4jMCVUfMCUbg==

vue-plausible@^1.1.4:
  version "1.1.4"
  resolved "https://registry.yarnpkg.com/vue-plausible/-/vue-plausible-1.1.4.tgz#c6fc059f081a7b7d7820ad9dcb504d1cf6a3a892"
  integrity sha512-Br7pAxCrnr4t8X6ByOFeMPiyoJAD1dpUyOyh3pEyy0P7Gkt4A7ps2wvDioNmKw6wuWijaMMwU9TCuDmJm9RdTg==
  dependencies:
    plausible-tracker "^0.3.1"
